
Microsoft Visual Studio Solution File, Format Version 12.00
# Visual Studio Version 17
VisualStudioVersion = 17.1.32421.90
MinimumVisualStudioVersion = 10.0.40219.1
Project("{FAE04EC0-301F-11D3-BF4B-00C04F79EFBC}") = "WinFormsApp2", "WinFormsApp2\WinFormsApp2.csproj", "{A987F4DF-FC5A-4C42-A1D9-9DFF050B49CB}"
EndProject
Global
	GlobalSection(SolutionConfigurationPlatforms) = preSolution
		Debug|Any CPU = Debug|Any CPU
		Release|Any CPU = Release|Any CPU
	EndGlobalSection
	GlobalSection(ProjectConfigurationPlatforms) = postSolution
		{A987F4DF-FC5A-4C42-A1D9-9DFF050B49CB}.Debug|Any CPU.ActiveCfg = Debug|Any CPU
		{A987F4DF-FC5A-4C42-A1D9-9DFF050B49CB}.Debug|Any CPU.Build.0 = Debug|Any CPU
		{A987F4DF-FC5A-4C42-A1D9-9DFF050B49CB}.Release|Any CPU.ActiveCfg = Release|Any CPU
		{A987F4DF-FC5A-4C42-A1D9-9DFF050B49CB}.Release|Any CPU.Build.0 = Release|Any CPU
	EndGlobalSection
	GlobalSection(SolutionProperties) = preSolution
		HideSolutionNode = FALSE
	EndGlobalSection
	GlobalSection(ExtensibilityGlobals) = postSolution
		SolutionGuid = {2FA0014E-9633-4AAE-9D84-28A077E4CA3D}
	EndGlobalSection
EndGlobal
